// !$*UTF8*$!
{
	archiveVersion = 1;
	classes = {
	};
	objectVersion = 56;
	objects = {

/* Begin PBXBuildFile section */
		B80B0F2829A53E5A00DA4E5E /* ToDoApp.swift in Sources */ = {isa = PBXBuildFile; fileRef = B80B0F2729A53E5A00DA4E5E /* ToDoApp.swift */; };
		B80B0F2C29A53E5B00DA4E5E /* Assets.xcassets in Resources */ = {isa = PBXBuildFile; fileRef = B80B0F2B29A53E5B00DA4E5E /* Assets.xcassets */; };
		B80B0F2F29A53E5B00DA4E5E /* Preview Assets.xcassets in Resources */ = {isa = PBXBuildFile; fileRef = B80B0F2E29A53E5B00DA4E5E /* Preview Assets.xcassets */; };
		B829ADA129B8C8480066D220 /* LaunchScreenView.swift in Sources */ = {isa = PBXBuildFile; fileRef = B829ADA029B8C8480066D220 /* LaunchScreenView.swift */; };
		B83811F129B785BA003485E7 /* NoTasksView.swift in Sources */ = {isa = PBXBuildFile; fileRef = B83811F029B785BA003485E7 /* NoTasksView.swift */; };
		B85DABEB29B35C4800B5EB4C /* ListView.swift in Sources */ = {isa = PBXBuildFile; fileRef = B85DABEA29B35C4800B5EB4C /* ListView.swift */; };
		B85DABEF29B367B500B5EB4C /* AddView.swift in Sources */ = {isa = PBXBuildFile; fileRef = B85DABEE29B367B500B5EB4C /* AddView.swift */; };
		B85DABF129B37DEE00B5EB4C /* NavigationButtonsView.swift in Sources */ = {isa = PBXBuildFile; fileRef = B85DABF029B37DEE00B5EB4C /* NavigationButtonsView.swift */; };
		B85DABF429B3BFBC00B5EB4C /* TaskModel.swift in Sources */ = {isa = PBXBuildFile; fileRef = B85DABF329B3BFBC00B5EB4C /* TaskModel.swift */; };
		B85DABF629B3C20500B5EB4C /* ListRowView.swift in Sources */ = {isa = PBXBuildFile; fileRef = B85DABF529B3C20500B5EB4C /* ListRowView.swift */; };
		B85DABF929B4A8D300B5EB4C /* ListViewModel.swift in Sources */ = {isa = PBXBuildFile; fileRef = B85DABF829B4A8D300B5EB4C /* ListViewModel.swift */; };
		B8A27B5E29D5806B0064BC9C /* Quicksand in Resources */ = {isa = PBXBuildFile; fileRef = B8A27B5D29D5806B0064BC9C /* Quicksand */; };
		B8A27B6029D584820064BC9C /* Quicksand-Regular.ttf in Resources */ = {isa = PBXBuildFile; fileRef = B8A27B5F29D584820064BC9C /* Quicksand-Regular.ttf */; };
		B8A27B6229D584C40064BC9C /* Quicksand-Bold.ttf in Resources */ = {isa = PBXBuildFile; fileRef = B8A27B6129D584C40064BC9C /* Quicksand-Bold.ttf */; };
/* End PBXBuildFile section */

/* Begin PBXFileReference section */
		B80B0F2429A53E5A00DA4E5E /* do something.app */ = {isa = PBXFileReference; explicitFileType = wrapper.application; includeInIndex = 0; path = "do something.app"; sourceTree = BUILT_PRODUCTS_DIR; };
		B80B0F2729A53E5A00DA4E5E /* ToDoApp.swift */ = {isa = PBXFileReference; lastKnownFileType = sourcecode.swift; path = ToDoApp.swift; sourceTree = "<group>"; };
		B80B0F2B29A53E5B00DA4E5E /* Assets.xcassets */ = {isa = PBXFileReference; lastKnownFileType = folder.assetcatalog; path = Assets.xcassets; sourceTree = "<group>"; };
		B80B0F2E29A53E5B00DA4E5E /* Preview Assets.xcassets */ = {isa = PBXFileReference; lastKnownFileType = folder.assetcatalog; path = "Preview Assets.xcassets"; sourceTree = "<group>"; };
		B80B0F3529A53E7500DA4E5E /* Info.plist */ = {isa = PBXFileReference; lastKnownFileType = text.plist; path = Info.plist; sourceTree = "<group>"; };
		B829ADA029B8C8480066D220 /* LaunchScreenView.swift */ = {isa = PBXFileReference; lastKnownFileType = sourcecode.swift; path = LaunchScreenView.swift; sourceTree = "<group>"; };
		B83811F029B785BA003485E7 /* NoTasksView.swift */ = {isa = PBXFileReference; lastKnownFileType = sourcecode.swift; path = NoTasksView.swift; sourceTree = "<group>"; };
		B85DABEA29B35C4800B5EB4C /* ListView.swift */ = {isa = PBXFileReference; lastKnownFileType = sourcecode.swift; path = ListView.swift; sourceTree = "<group>"; };
		B85DABEE29B367B500B5EB4C /* AddView.swift */ = {isa = PBXFileReference; lastKnownFileType = sourcecode.swift; path = AddView.swift; sourceTree = "<group>"; };
		B85DABF029B37DEE00B5EB4C /* NavigationButtonsView.swift */ = {isa = PBXFileReference; lastKnownFileType = sourcecode.swift; path = NavigationButtonsView.swift; sourceTree = "<group>"; };
		B85DABF329B3BFBC00B5EB4C /* TaskModel.swift */ = {isa = PBXFileReference; lastKnownFileType = sourcecode.swift; path = TaskModel.swift; sourceTree = "<group>"; };
		B85DABF529B3C20500B5EB4C /* ListRowView.swift */ = {isa = PBXFileReference; lastKnownFileType = sourcecode.swift; path = ListRowView.swift; sourceTree = "<group>"; };
		B85DABF829B4A8D300B5EB4C /* ListViewModel.swift */ = {isa = PBXFileReference; lastKnownFileType = sourcecode.swift; path = ListViewModel.swift; sourceTree = "<group>"; };
		B8A27B5D29D5806B0064BC9C /* Quicksand */ = {isa = PBXFileReference; fileEncoding = 4; lastKnownFileType = text; path = Quicksand; sourceTree = SOURCE_ROOT; };
		B8A27B5F29D584820064BC9C /* Quicksand-Regular.ttf */ = {isa = PBXFileReference; lastKnownFileType = file; path = "Quicksand-Regular.ttf"; sourceTree = "<group>"; };
		B8A27B6129D584C40064BC9C /* Quicksand-Bold.ttf */ = {isa = PBXFileReference; lastKnownFileType = file; path = "Quicksand-Bold.ttf"; sourceTree = "<group>"; };
/* End PBXFileReference section */

/* Begin PBXFrameworksBuildPhase section */
		B80B0F2129A53E5A00DA4E5E /* Frameworks */ = {
			isa = PBXFrameworksBuildPhase;
			buildActionMask = 2147483647;
			files = (
			);
			runOnlyForDeploymentPostprocessing = 0;
		};
/* End PBXFrameworksBuildPhase section */

/* Begin PBXGroup section */
		B80B0F1B29A53E5A00DA4E5E = {
			isa = PBXGroup;
			children = (
				B80B0F2629A53E5A00DA4E5E /* ToDo */,
				B80B0F2529A53E5A00DA4E5E /* Products */,
			);
			sourceTree = "<group>";
		};
		B80B0F2529A53E5A00DA4E5E /* Products */ = {
			isa = PBXGroup;
			children = (
				B80B0F2429A53E5A00DA4E5E /* do something.app */,
			);
			name = Products;
			sourceTree = "<group>";
		};
		B80B0F2629A53E5A00DA4E5E /* ToDo */ = {
			isa = PBXGroup;
			children = (
				B80B0F2729A53E5A00DA4E5E /* ToDoApp.swift */,
				B85DABF229B3BF7E00B5EB4C /* Models */,
				B85DABF729B4A89A00B5EB4C /* ViewModels */,
				B85DABE929B35C1200B5EB4C /* Views */,
				B80B0F2B29A53E5B00DA4E5E /* Assets.xcassets */,
				B80B0F3529A53E7500DA4E5E /* Info.plist */,
				B80B0F3629A53E8C00DA4E5E /* Fonts */,
				B80B0F2D29A53E5B00DA4E5E /* Preview Content */,
			);
			path = ToDo;
			sourceTree = "<group>";
		};
		B80B0F2D29A53E5B00DA4E5E /* Preview Content */ = {
			isa = PBXGroup;
			children = (
				B80B0F2E29A53E5B00DA4E5E /* Preview Assets.xcassets */,
			);
			path = "Preview Content";
			sourceTree = "<group>";
		};
		B80B0F3629A53E8C00DA4E5E /* Fonts */ = {
			isa = PBXGroup;
			children = (
				B8A27B5F29D584820064BC9C /* Quicksand-Regular.ttf */,
				B8A27B6129D584C40064BC9C /* Quicksand-Bold.ttf */,
				B8A27B5D29D5806B0064BC9C /* Quicksand */,
			);
			path = Fonts;
			sourceTree = "<group>";
		};
		B85DABE929B35C1200B5EB4C /* Views */ = {
			isa = PBXGroup;
			children = (
				B85DABEA29B35C4800B5EB4C /* ListView.swift */,
				B829ADA029B8C8480066D220 /* LaunchScreenView.swift */,
				B83811F029B785BA003485E7 /* NoTasksView.swift */,
				B85DABF529B3C20500B5EB4C /* ListRowView.swift */,
				B85DABEE29B367B500B5EB4C /* AddView.swift */,
				B85DABF029B37DEE00B5EB4C /* NavigationButtonsView.swift */,
			);
			path = Views;
			sourceTree = "<group>";
		};
		B85DABF229B3BF7E00B5EB4C /* Models */ = {
			isa = PBXGroup;
			children = (
				B85DABF329B3BFBC00B5EB4C /* TaskModel.swift */,
			);
			path = Models;
			sourceTree = "<group>";
		};
		B85DABF729B4A89A00B5EB4C /* ViewModels */ = {
			isa = PBXGroup;
			children = (
				B85DABF829B4A8D300B5EB4C /* ListViewModel.swift */,
			);
			path = ViewModels;
			sourceTree = "<group>";
		};
/* End PBXGroup section */

/* Begin PBXNativeTarget section */
		B80B0F2329A53E5A00DA4E5E /* do something */ = {
			isa = PBXNativeTarget;
			buildConfigurationList = B80B0F3229A53E5B00DA4E5E /* Build configuration list for PBXNativeTarget "do something" */;
			buildPhases = (
				B80B0F2029A53E5A00DA4E5E /* Sources */,
				B80B0F2129A53E5A00DA4E5E /* Frameworks */,
				B80B0F2229A53E5A00DA4E5E /* Resources */,
			);
			buildRules = (
			);
			dependencies = (
			);
			name = "do something";
			productName = ToDo;
			productReference = B80B0F2429A53E5A00DA4E5E /* do something.app */;
			productType = "com.apple.product-type.application";
		};
/* End PBXNativeTarget section */

/* Begin PBXProject section */
		B80B0F1C29A53E5A00DA4E5E /* Project object */ = {
			isa = PBXProject;
			attributes = {
				BuildIndependentTargetsInParallel = 1;
				LastSwiftUpdateCheck = 1420;
				LastUpgradeCheck = 1420;
				TargetAttributes = {
					B80B0F2329A53E5A00DA4E5E = {
						CreatedOnToolsVersion = 14.2;
					};
				};
			};
			buildConfigurationList = B80B0F1F29A53E5A00DA4E5E /* Build configuration list for PBXProject "ToDo" */;
			compatibilityVersion = "Xcode 14.0";
			developmentRegion = en;
			hasScannedForEncodings = 0;
			knownRegions = (
				en,
				Base,
			);
			mainGroup = B80B0F1B29A53E5A00DA4E5E;
			productRefGroup = B80B0F2529A53E5A00DA4E5E /* Products */;
			projectDirPath = "";
			projectRoot = "";
			targets = (
				B80B0F2329A53E5A00DA4E5E /* do something */,
			);
		};
/* End PBXProject section */

/* Begin PBXResourcesBuildPhase section */
		B80B0F2229A53E5A00DA4E5E /* Resources */ = {
			isa = PBXResourcesBuildPhase;
			buildActionMask = 2147483647;
			files = (
				B8A27B5E29D5806B0064BC9C /* Quicksand in Resources */,
				B80B0F2F29A53E5B00DA4E5E /* Preview Assets.xcassets in Resources */,
				B80B0F2C29A53E5B00DA4E5E /* Assets.xcassets in Resources */,
				B8A27B6029D584820064BC9C /* Quicksand-Regular.ttf in Resources */,
				B8A27B6229D584C40064BC9C /* Quicksand-Bold.ttf in Resources */,
			);
			runOnlyForDeploymentPostprocessing = 0;
		};
/* End PBXResourcesBuildPhase section */

/* Begin PBXSourcesBuildPhase section */
		B80B0F2029A53E5A00DA4E5E /* Sources */ = {
			isa = PBXSourcesBuildPhase;
			buildActionMask = 2147483647;
			files = (
				B85DABF429B3BFBC00B5EB4C /* TaskModel.swift in Sources */,
				B85DABF629B3C20500B5EB4C /* ListRowView.swift in Sources */,
				B80B0F2829A53E5A00DA4E5E /* ToDoApp.swift in Sources */,
				B85DABEF29B367B500B5EB4C /* AddView.swift in Sources */,
				B83811F129B785BA003485E7 /* NoTasksView.swift in Sources */,
				B85DABEB29B35C4800B5EB4C /* ListView.swift in Sources */,
				B85DABF929B4A8D300B5EB4C /* ListViewModel.swift in Sources */,
				B85DABF129B37DEE00B5EB4C /* NavigationButtonsView.swift in Sources */,
				B829ADA129B8C8480066D220 /* LaunchScreenView.swift in Sources */,
			);
			runOnlyForDeploymentPostprocessing = 0;
		};
/* End PBXSourcesBuildPhase section */

/* Begin XCBuildConfiguration section */
		B80B0F3029A53E5B00DA4E5E /* Debug */ = {
			isa = XCBuildConfiguration;
			buildSettings = {
				ALWAYS_SEARCH_USER_PATHS = NO;
				CLANG_ANALYZER_NONNULL = YES;
				CLANG_ANALYZER_NUMBER_OBJECT_CONVERSION = YES_AGGRESSIVE;
				CLANG_CXX_LANGUAGE_STANDARD = "gnu++20";
				CLANG_ENABLE_MODULES = YES;
				CLANG_ENABLE_OBJC_ARC = YES;
				CLANG_ENABLE_OBJC_WEAK = YES;
				CLANG_WARN_BLOCK_CAPTURE_AUTORELEASING = YES;
				CLANG_WARN_BOOL_CONVERSION = YES;
				CLANG_WARN_COMMA = YES;
				CLANG_WARN_CONSTANT_CONVERSION = YES;
				CLANG_WARN_DEPRECATED_OBJC_IMPLEMENTATIONS = YES;
				CLANG_WARN_DIRECT_OBJC_ISA_USAGE = YES_ERROR;
				CLANG_WARN_DOCUMENTATION_COMMENTS = YES;
				CLANG_WARN_EMPTY_BODY = YES;
				CLANG_WARN_ENUM_CONVERSION = YES;
				CLANG_WARN_INFINITE_RECURSION = YES;
				CLANG_WARN_INT_CONVERSION = YES;
				CLANG_WARN_NON_LITERAL_NULL_CONVERSION = YES;
				CLANG_WARN_OBJC_IMPLICIT_RETAIN_SELF = YES;
				CLANG_WARN_OBJC_LITERAL_CONVERSION = YES;
				CLANG_WARN_OBJC_ROOT_CLASS = YES_ERROR;
				CLANG_WARN_QUOTED_INCLUDE_IN_FRAMEWORK_HEADER = YES;
				CLANG_WARN_RANGE_LOOP_ANALYSIS = YES;
				CLANG_WARN_STRICT_PROTOTYPES = YES;
				CLANG_WARN_SUSPICIOUS_MOVE = YES;
				CLANG_WARN_UNGUARDED_AVAILABILITY = YES_AGGRESSIVE;
				CLANG_WARN_UNREACHABLE_CODE = YES;
				CLANG_WARN__DUPLICATE_METHOD_MATCH = YES;
				COPY_PHASE_STRIP = NO;
				DEBUG_INFORMATION_FORMAT = dwarf;
				ENABLE_STRICT_OBJC_MSGSEND = YES;
				ENABLE_TESTABILITY = YES;
				GCC_C_LANGUAGE_STANDARD = gnu11;
				GCC_DYNAMIC_NO_PIC = NO;
				GCC_NO_COMMON_BLOCKS = YES;
				GCC_OPTIMIZATION_LEVEL = 0;
				GCC_PREPROCESSOR_DEFINITIONS = (
					"DEBUG=1",
					"$(inherited)",
				);
				GCC_WARN_64_TO_32_BIT_CONVERSION = YES;
				GCC_WARN_ABOUT_RETURN_TYPE = YES_ERROR;
				GCC_WARN_UNDECLARED_SELECTOR = YES;
				GCC_WARN_UNINITIALIZED_AUTOS = YES_AGGRESSIVE;
				GCC_WARN_UNUSED_FUNCTION = YES;
				GCC_WARN_UNUSED_VARIABLE = YES;
				INFOPLIST_KEY_UILaunchScreen_Generation = NO;
				IPHONEOS_DEPLOYMENT_TARGET = 16.2;
				MTL_ENABLE_DEBUG_INFO = INCLUDE_SOURCE;
				MTL_FAST_MATH = YES;
				ONLY_ACTIVE_ARCH = YES;
				PRODUCT_NAME = "";
				SDKROOT = iphonesimulator;
				SWIFT_ACTIVE_COMPILATION_CONDITIONS = DEBUG;
				SWIFT_OPTIMIZATION_LEVEL = "-Onone";
			};
			name = Debug;
		};
		B80B0F3129A53E5B00DA4E5E /* Release */ = {
			isa = XCBuildConfiguration;
			buildSettings = {
				ALWAYS_SEARCH_USER_PATHS = NO;
				CLANG_ANALYZER_NONNULL = YES;
				CLANG_ANALYZER_NUMBER_OBJECT_CONVERSION = YES_AGGRESSIVE;
				CLANG_CXX_LANGUAGE_STANDARD = "gnu++20";
				CLANG_ENABLE_MODULES = YES;
				CLANG_ENABLE_OBJC_ARC = YES;
				CLANG_ENABLE_OBJC_WEAK = YES;
				CLANG_WARN_BLOCK_CAPTURE_AUTORELEASING = YES;
				CLANG_WARN_BOOL_CONVERSION = YES;
				CLANG_WARN_COMMA = YES;
				CLANG_WARN_CONSTANT_CONVERSION = YES;
				CLANG_WARN_DEPRECATED_OBJC_IMPLEMENTATIONS = YES;
				CLANG_WARN_DIRECT_OBJC_ISA_USAGE = YES_ERROR;
				CLANG_WARN_DOCUMENTATION_COMMENTS = YES;
				CLANG_WARN_EMPTY_BODY = YES;
				CLANG_WARN_ENUM_CONVERSION = YES;
				CLANG_WARN_INFINITE_RECURSION = YES;
				CLANG_WARN_INT_CONVERSION = YES;
				CLANG_WARN_NON_LITERAL_NULL_CONVERSION = YES;
				CLANG_WARN_OBJC_IMPLICIT_RETAIN_SELF = YES;
				CLANG_WARN_OBJC_LITERAL_CONVERSION = YES;
				CLANG_WARN_OBJC_ROOT_CLASS = YES_ERROR;
				CLANG_WARN_QUOTED_INCLUDE_IN_FRAMEWORK_HEADER = YES;
				CLANG_WARN_RANGE_LOOP_ANALYSIS = YES;
				CLANG_WARN_STRICT_PROTOTYPES = YES;
				CLANG_WARN_SUSPICIOUS_MOVE = YES;
				CLANG_WARN_UNGUARDED_AVAILABILITY = YES_AGGRESSIVE;
				CLANG_WARN_UNREACHABLE_CODE = YES;
				CLANG_WARN__DUPLICATE_METHOD_MATCH = YES;
				COPY_PHASE_STRIP = NO;
				DEBUG_INFORMATION_FORMAT = "dwarf-with-dsym";
				ENABLE_NS_ASSERTIONS = NO;
				ENABLE_STRICT_OBJC_MSGSEND = YES;
				GCC_C_LANGUAGE_STANDARD = gnu11;
				GCC_NO_COMMON_BLOCKS = YES;
				GCC_WARN_64_TO_32_BIT_CONVERSION = YES;
				GCC_WARN_ABOUT_RETURN_TYPE = YES_ERROR;
				GCC_WARN_UNDECLARED_SELECTOR = YES;
				GCC_WARN_UNINITIALIZED_AUTOS = YES_AGGRESSIVE;
				GCC_WARN_UNUSED_FUNCTION = YES;
				GCC_WARN_UNUSED_VARIABLE = YES;
				INFOPLIST_KEY_UILaunchScreen_Generation = NO;
				IPHONEOS_DEPLOYMENT_TARGET = 16.2;
				MTL_ENABLE_DEBUG_INFO = NO;
				MTL_FAST_MATH = YES;
				PRODUCT_NAME = "";
				SDKROOT = iphonesimulator;
				SWIFT_COMPILATION_MODE = wholemodule;
				SWIFT_OPTIMIZATION_LEVEL = "-O";
				VALIDATE_PRODUCT = YES;
			};
			name = Release;
		};
		B80B0F3329A53E5B00DA4E5E /* Debug */ = {
			isa = XCBuildConfiguration;
			buildSettings = {
				ASSETCATALOG_COMPILER_APPICON_NAME = AppIcon;
				ASSETCATALOG_COMPILER_GLOBAL_ACCENT_COLOR_NAME = AccentColor;
				CODE_SIGN_STYLE = Automatic;
				CURRENT_PROJECT_VERSION = 1;
				DEVELOPMENT_ASSET_PATHS = "\"ToDo/Preview Content\"";
				DEVELOPMENT_TEAM = 65VF7LTXK9;
				ENABLE_PREVIEWS = YES;
				GENERATE_INFOPLIST_FILE = YES;
				INFOPLIST_FILE = ToDo/Info.plist;
				INFOPLIST_KEY_UIApplicationSceneManifest_Generation = YES;
				INFOPLIST_KEY_UIApplicationSupportsIndirectInputEvents = YES;
				INFOPLIST_KEY_UILaunchScreen_Generation = YES;
				INFOPLIST_KEY_UISupportedInterfaceOrientations_iPad = "UIInterfaceOrientationPortrait UIInterfaceOrientationPortraitUpsideDown UIInterfaceOrientationLandscapeLeft UIInterfaceOrientationLandscapeRight";
				INFOPLIST_KEY_UISupportedInterfaceOrientations_iPhone = "UIInterfaceOrientationPortrait UIInterfaceOrientationLandscapeLeft UIInterfaceOrientationLandscapeRight";
				LD_RUNPATH_SEARCH_PATHS = (
					"$(inherited)",
					"@executable_path/Frameworks",
				);
				MARKETING_VERSION = 1.0;
				PRODUCT_BUNDLE_IDENTIFIER = com.charchuta.doSomething;
				PRODUCT_NAME = "$(TARGET_NAME)";
				SUPPORTED_PLATFORMS = "iphoneos iphonesimulator";
				SUPPORTS_MACCATALYST = NO;
				SUPPORTS_MAC_DESIGNED_FOR_IPHONE_IPAD = NO;
				SWIFT_EMIT_LOC_STRINGS = YES;
				SWIFT_VERSION = 5.0;
				TARGETED_DEVICE_FAMILY = "1,2";
			};
			name = Debug;
		};
		B80B0F3429A53E5B00DA4E5E /* Release */ = {
			isa = XCBuildConfiguration;
			buildSettings = {
				ASSETCATALOG_COMPILER_APPICON_NAME = AppIcon;
				ASSETCATALOG_COMPILER_GLOBAL_ACCENT_COLOR_NAME = AccentColor;
				CODE_SIGN_STYLE = Automatic;
				CURRENT_PROJECT_VERSION = 1;
				DEVELOPMENT_ASSET_PATHS = "\"ToDo/Preview Content\"";
				DEVELOPMENT_TEAM = 65VF7LTXK9;
				ENABLE_PREVIEWS = YES;
				GENERATE_INFOPLIST_FILE = YES;
				INFOPLIST_FILE = ToDo/Info.plist;
				INFOPLIST_KEY_UIApplicationSceneManifest_Generation = YES;
				INFOPLIST_KEY_UIApplicationSupportsIndirectInputEvents = YES;
				INFOPLIST_KEY_UILaunchScreen_Generation = YES;
				INFOPLIST_KEY_UISupportedInterfaceOrientations_iPad = "UIInterfaceOrientationPortrait UIInterfaceOrientationPortraitUpsideDown UIInterfaceOrientationLandscapeLeft UIInterfaceOrientationLandscapeRight";
				INFOPLIST_KEY_UISupportedInterfaceOrientations_iPhone = "UIInterfaceOrientationPortrait UIInterfaceOrientationLandscapeLeft UIInterfaceOrientationLandscapeRight";
				LD_RUNPATH_SEARCH_PATHS = (
					"$(inherited)",
					"@executable_path/Frameworks",
				);
				MARKETING_VERSION = 1.0;
				PRODUCT_BUNDLE_IDENTIFIER = com.charchuta.doSomething;
				PRODUCT_NAME = "$(TARGET_NAME)";
				SUPPORTED_PLATFORMS = "iphoneos iphonesimulator";
				SUPPORTS_MACCATALYST = NO;
				SUPPORTS_MAC_DESIGNED_FOR_IPHONE_IPAD = NO;
				SWIFT_EMIT_LOC_STRINGS = YES;
				SWIFT_VERSION = 5.0;
				TARGETED_DEVICE_FAMILY = "1,2";
			};
			name = Release;
		};
/* End XCBuildConfiguration section */

/* Begin XCConfigurationList section */
		B80B0F1F29A53E5A00DA4E5E /* Build configuration list for PBXProject "ToDo" */ = {
			isa = XCConfigurationList;
			buildConfigurations = (
				B80B0F3029A53E5B00DA4E5E /* Debug */,
				B80B0F3129A53E5B00DA4E5E /* Release */,
			);
			defaultConfigurationIsVisible = 0;
			defaultConfigurationName = Release;
		};
		B80B0F3229A53E5B00DA4E5E /* Build configuration list for PBXNativeTarget "do something" */ = {
			isa = XCConfigurationList;
			buildConfigurations = (
				B80B0F3329A53E5B00DA4E5E /* Debug */,
				B80B0F3429A53E5B00DA4E5E /* Release */,
			);
			defaultConfigurationIsVisible = 0;
			defaultConfigurationName = Release;
		};
/* End XCConfigurationList section */
	};
	rootObject = B80B0F1C29A53E5A00DA4E5E /* Project object */;
}
